
Microsoft Visual Studio Solution File, Format Version 12.00
# Visual Studio Version 17
VisualStudioVersion = 17.2.32616.157
MinimumVisualStudioVersion = 10.0.40219.1
Project("{9A19103F-16F7-4668-BE54-9A1E7A4F7556}") = "ShelterBuddy.CodePuzzle.Api", "ShelterBuddy.CodePuzzle.Api\ShelterBuddy.CodePuzzle.Api.csproj", "{0DDBEE23-67FF-4FDD-A74E-CA086A24045C}"
EndProject
Project("{9A19103F-16F7-4668-BE54-9A1E7A4F7556}") = "ShelterBuddy.CodePuzzle.AdmWebApp", "ShelterBuddy.CodePuzzle.Presentation\ShelterBuddy.CodePuzzle.AdmWebApp\ShelterBuddy.CodePuzzle.AdmWebApp.csproj", "{65FDEB5C-1220-4AE4-B441-B5A9D72C1B24}"
EndProject
Global
	GlobalSection(SolutionConfigurationPlatforms) = preSolution
		Debug|Any CPU = Debug|Any CPU
		Release|Any CPU = Release|Any CPU
	EndGlobalSection
	GlobalSection(ProjectConfigurationPlatforms) = postSolution
		{0DDBEE23-67FF-4FDD-A74E-CA086A24045C}.Debug|Any CPU.ActiveCfg = Debug|Any CPU
		{0DDBEE23-67FF-4FDD-A74E-CA086A24045C}.Debug|Any CPU.Build.0 = Debug|Any CPU
		{0DDBEE23-67FF-4FDD-A74E-CA086A24045C}.Release|Any CPU.ActiveCfg = Release|Any CPU
		{0DDBEE23-67FF-4FDD-A74E-CA086A24045C}.Release|Any CPU.Build.0 = Release|Any CPU
		{65FDEB5C-1220-4AE4-B441-B5A9D72C1B24}.Debug|Any CPU.ActiveCfg = Debug|Any CPU
		{65FDEB5C-1220-4AE4-B441-B5A9D72C1B24}.Debug|Any CPU.Build.0 = Debug|Any CPU
		{65FDEB5C-1220-4AE4-B441-B5A9D72C1B24}.Release|Any CPU.ActiveCfg = Release|Any CPU
		{65FDEB5C-1220-4AE4-B441-B5A9D72C1B24}.Release|Any CPU.Build.0 = Release|Any CPU
	EndGlobalSection
	GlobalSection(SolutionProperties) = preSolution
		HideSolutionNode = FALSE
	EndGlobalSection
	GlobalSection(ExtensibilityGlobals) = postSolution
		SolutionGuid = {4857C00B-B8C4-41C2-842A-E6081851F339}
	EndGlobalSection
EndGlobal
